
Microsoft Visual Studio Solution File, Format Version 12.00
# Visual Studio Version 16
VisualStudioVersion = 16.0.29306.81
MinimumVisualStudioVersion = 10.0.40219.1
Project("{FAE04EC0-301F-11D3-BF4B-00C04F79EFBC}") = "P3_LAB4", "P3_LAB4\P3_LAB4.csproj", "{C8304422-3364-4548-AA3A-A44796149E90}"
EndProject
Global
	GlobalSection(SolutionConfigurationPlatforms) = preSolution
		Debug|Any CPU = Debug|Any CPU
		Release|Any CPU = Release|Any CPU
	EndGlobalSection
	GlobalSection(ProjectConfigurationPlatforms) = postSolution
		{C8304422-3364-4548-AA3A-A44796149E90}.Debug|Any CPU.ActiveCfg = Debug|Any CPU
		{C8304422-3364-4548-AA3A-A44796149E90}.Debug|Any CPU.Build.0 = Debug|Any CPU
		{C8304422-3364-4548-AA3A-A44796149E90}.Release|Any CPU.ActiveCfg = Release|Any CPU
		{C8304422-3364-4548-AA3A-A44796149E90}.Release|Any CPU.Build.0 = Release|Any CPU
	EndGlobalSection
	GlobalSection(SolutionProperties) = preSolution
		HideSolutionNode = FALSE
	EndGlobalSection
	GlobalSection(ExtensibilityGlobals) = postSolution
		SolutionGuid = {3BD29622-F9E6-4DCC-842C-4D4DBC0FA8DF}
	EndGlobalSection
EndGlobal
